
Microsoft Visual Studio Solution File, Format Version 12.00
# Visual Studio Version 16
VisualStudioVersion = 16.0.29306.81
MinimumVisualStudioVersion = 10.0.40219.1
Project("{FAE04EC0-301F-11D3-BF4B-00C04F79EFBC}") = "user-manager", "user-manager\user-manager.csproj", "{A8198091-230B-458C-A8F7-E474AD9442A2}"
EndProject
Global
	GlobalSection(SolutionConfigurationPlatforms) = preSolution
		Debug|Any CPU = Debug|Any CPU
		Release|Any CPU = Release|Any CPU
	EndGlobalSection
	GlobalSection(ProjectConfigurationPlatforms) = postSolution
		{A8198091-230B-458C-A8F7-E474AD9442A2}.Debug|Any CPU.ActiveCfg = Debug|Any CPU
		{A8198091-230B-458C-A8F7-E474AD9442A2}.Debug|Any CPU.Build.0 = Debug|Any CPU
		{A8198091-230B-458C-A8F7-E474AD9442A2}.Release|Any CPU.ActiveCfg = Release|Any CPU
		{A8198091-230B-458C-A8F7-E474AD9442A2}.Release|Any CPU.Build.0 = Release|Any CPU
	EndGlobalSection
	GlobalSection(SolutionProperties) = preSolution
		HideSolutionNode = FALSE
	EndGlobalSection
	GlobalSection(ExtensibilityGlobals) = postSolution
		SolutionGuid = {E7099F2D-0AFA-4ED5-9E33-CF65713612D1}
	EndGlobalSection
EndGlobal
